
Microsoft Visual Studio Solution File, Format Version 12.00
# Visual Studio Version 17
VisualStudioVersion = 17.0.32014.148
MinimumVisualStudioVersion = 10.0.40219.1
Project("{FAE04EC0-301F-11D3-BF4B-00C04F79EFBC}") = "ConsoleApp1", "ConsoleApp1\ConsoleApp1.csproj", "{4B68DE7A-DD52-449A-AC1D-735A7B6394C2}"
EndProject
Global
	GlobalSection(SolutionConfigurationPlatforms) = preSolution
		Debug|Any CPU = Debug|Any CPU
		Release|Any CPU = Release|Any CPU
	EndGlobalSection
	GlobalSection(ProjectConfigurationPlatforms) = postSolution
		{4B68DE7A-DD52-449A-AC1D-735A7B6394C2}.Debug|Any CPU.ActiveCfg = Debug|Any CPU
		{4B68DE7A-DD52-449A-AC1D-735A7B6394C2}.Debug|Any CPU.Build.0 = Debug|Any CPU
		{4B68DE7A-DD52-449A-AC1D-735A7B6394C2}.Release|Any CPU.ActiveCfg = Release|Any CPU
		{4B68DE7A-DD52-449A-AC1D-735A7B6394C2}.Release|Any CPU.Build.0 = Release|Any CPU
	EndGlobalSection
	GlobalSection(SolutionProperties) = preSolution
		HideSolutionNode = FALSE
	EndGlobalSection
	GlobalSection(ExtensibilityGlobals) = postSolution
		SolutionGuid = {BB8FD943-7F0A-447E-B21B-47B99FAB4442}
	EndGlobalSection
EndGlobal
